
Microsoft Visual Studio Solution File, Format Version 12.00
# Visual Studio Version 17
VisualStudioVersion = 17.13.35931.197 d17.13
MinimumVisualStudioVersion = 10.0.40219.1
Project("{FAE04EC0-301F-11D3-BF4B-00C04F79EFBC}") = "ControleDeBar.ConsoleApp", "ControleDeBar.ConsoleApp\ControleDeBar.ConsoleApp.csproj", "{C68A69E8-5BE9-4AB5-A62C-9C1ADD2987A6}"
EndProject
Global
	GlobalSection(SolutionConfigurationPlatforms) = preSolution
		Debug|Any CPU = Debug|Any CPU
		Release|Any CPU = Release|Any CPU
	EndGlobalSection
	GlobalSection(ProjectConfigurationPlatforms) = postSolution
		{C68A69E8-5BE9-4AB5-A62C-9C1ADD2987A6}.Debug|Any CPU.ActiveCfg = Debug|Any CPU
		{C68A69E8-5BE9-4AB5-A62C-9C1ADD2987A6}.Debug|Any CPU.Build.0 = Debug|Any CPU
		{C68A69E8-5BE9-4AB5-A62C-9C1ADD2987A6}.Release|Any CPU.ActiveCfg = Release|Any CPU
		{C68A69E8-5BE9-4AB5-A62C-9C1ADD2987A6}.Release|Any CPU.Build.0 = Release|Any CPU
	EndGlobalSection
	GlobalSection(SolutionProperties) = preSolution
		HideSolutionNode = FALSE
	EndGlobalSection
	GlobalSection(ExtensibilityGlobals) = postSolution
		SolutionGuid = {DC23DA7E-3902-4104-81F8-3554432F45C3}
	EndGlobalSection
EndGlobal
